
Microsoft Visual Studio Solution File, Format Version 12.00
# Visual Studio Version 17
VisualStudioVersion = 17.3.32929.385
MinimumVisualStudioVersion = 10.0.40219.1
Project("{FAE04EC0-301F-11D3-BF4B-00C04F79EFBC}") = "Producer", "Producer\Producer.csproj", "{341BBCF7-19B5-4D6D-A4E1-1E88EA2E65B8}"
EndProject
Project("{FAE04EC0-301F-11D3-BF4B-00C04F79EFBC}") = "Consumer", "Consumer\Consumer.csproj", "{16A62719-DC9A-42D4-8928-E82C160A4F9F}"
EndProject
Project("{FAE04EC0-301F-11D3-BF4B-00C04F79EFBC}") = "Inventory", "Inventory\Inventory.csproj", "{F11F1738-73AC-4BDB-9368-51C2F192FF36}"
EndProject
Global
	GlobalSection(SolutionConfigurationPlatforms) = preSolution
		Debug|Any CPU = Debug|Any CPU
		Release|Any CPU = Release|Any CPU
	EndGlobalSection
	GlobalSection(ProjectConfigurationPlatforms) = postSolution
		{341BBCF7-19B5-4D6D-A4E1-1E88EA2E65B8}.Debug|Any CPU.ActiveCfg = Debug|Any CPU
		{341BBCF7-19B5-4D6D-A4E1-1E88EA2E65B8}.Debug|Any CPU.Build.0 = Debug|Any CPU
		{341BBCF7-19B5-4D6D-A4E1-1E88EA2E65B8}.Release|Any CPU.ActiveCfg = Release|Any CPU
		{341BBCF7-19B5-4D6D-A4E1-1E88EA2E65B8}.Release|Any CPU.Build.0 = Release|Any CPU
		{16A62719-DC9A-42D4-8928-E82C160A4F9F}.Debug|Any CPU.ActiveCfg = Debug|Any CPU
		{16A62719-DC9A-42D4-8928-E82C160A4F9F}.Debug|Any CPU.Build.0 = Debug|Any CPU
		{16A62719-DC9A-42D4-8928-E82C160A4F9F}.Release|Any CPU.ActiveCfg = Release|Any CPU
		{16A62719-DC9A-42D4-8928-E82C160A4F9F}.Release|Any CPU.Build.0 = Release|Any CPU
		{F11F1738-73AC-4BDB-9368-51C2F192FF36}.Debug|Any CPU.ActiveCfg = Debug|Any CPU
		{F11F1738-73AC-4BDB-9368-51C2F192FF36}.Debug|Any CPU.Build.0 = Debug|Any CPU
		{F11F1738-73AC-4BDB-9368-51C2F192FF36}.Release|Any CPU.ActiveCfg = Release|Any CPU
		{F11F1738-73AC-4BDB-9368-51C2F192FF36}.Release|Any CPU.Build.0 = Release|Any CPU
	EndGlobalSection
	GlobalSection(SolutionProperties) = preSolution
		HideSolutionNode = FALSE
	EndGlobalSection
	GlobalSection(ExtensibilityGlobals) = postSolution
		SolutionGuid = {7BF327EF-FB88-4292-BDE2-0F089BFAB87B}
	EndGlobalSection
EndGlobal
